
Microsoft Visual Studio Solution File, Format Version 12.00
# Visual Studio Version 17
VisualStudioVersion = 17.0.31903.59
MinimumVisualStudioVersion = 10.0.40219.1
Project("{2150E333-8FDC-42A3-9474-1A3956D46DE8}") = "src", "src", "{02EA681E-C7D8-13C7-8484-4AC65E1B71E8}"
EndProject
Project("{2150E333-8FDC-42A3-9474-1A3956D46DE8}") = "Solution Items", "Solution Items", "{3A0BF35D-FFDD-4EF1-BD7B-C2115CFABA1B}"
	ProjectSection(SolutionItems) = preProject
		.editorconfig = .editorconfig
		Directory.Build.props = Directory.Build.props
		Directory.Packages.props = Directory.Packages.props
	EndProjectSection
EndProject
Project("{FAE04EC0-301F-11D3-BF4B-00C04F79EFBC}") = "lgDevHabit.Api", "lgDevHabit.Api\lgDevHabit.Api.csproj", "{207918A8-A7A5-4418-BD20-C7E861DDB10D}"
EndProject
Project("{E53339B2-1760-4266-BCC7-CA923CBCF16C}") = "docker-compose", "docker-compose.dcproj", "{81DDED9D-158B-E303-5F62-77A2896D2A5A}"
EndProject
Project("{FAE04EC0-301F-11D3-BF4B-00C04F79EFBC}") = "lgDevHabit.UnitTests", "tests\lgDevHabit.UnitTests.csproj", "{9F820924-BCCC-43F1-A79A-266BDA601952}"
EndProject
Project("{2150E333-8FDC-42A3-9474-1A3956D46DE8}") = "tests", "tests", "{C6058E70-994D-408E-92F0-4999600A16B6}"
EndProject
Global
	GlobalSection(SolutionConfigurationPlatforms) = preSolution
		Debug|Any CPU = Debug|Any CPU
		Release|Any CPU = Release|Any CPU
	EndGlobalSection
	GlobalSection(ProjectConfigurationPlatforms) = postSolution
		{207918A8-A7A5-4418-BD20-C7E861DDB10D}.Debug|Any CPU.ActiveCfg = Debug|Any CPU
		{207918A8-A7A5-4418-BD20-C7E861DDB10D}.Debug|Any CPU.Build.0 = Debug|Any CPU
		{207918A8-A7A5-4418-BD20-C7E861DDB10D}.Release|Any CPU.ActiveCfg = Release|Any CPU
		{207918A8-A7A5-4418-BD20-C7E861DDB10D}.Release|Any CPU.Build.0 = Release|Any CPU
		{81DDED9D-158B-E303-5F62-77A2896D2A5A}.Debug|Any CPU.ActiveCfg = Debug|Any CPU
		{81DDED9D-158B-E303-5F62-77A2896D2A5A}.Debug|Any CPU.Build.0 = Debug|Any CPU
		{81DDED9D-158B-E303-5F62-77A2896D2A5A}.Release|Any CPU.ActiveCfg = Release|Any CPU
		{81DDED9D-158B-E303-5F62-77A2896D2A5A}.Release|Any CPU.Build.0 = Release|Any CPU
		{9F820924-BCCC-43F1-A79A-266BDA601952}.Debug|Any CPU.ActiveCfg = Debug|Any CPU
		{9F820924-BCCC-43F1-A79A-266BDA601952}.Debug|Any CPU.Build.0 = Debug|Any CPU
		{9F820924-BCCC-43F1-A79A-266BDA601952}.Release|Any CPU.ActiveCfg = Release|Any CPU
		{9F820924-BCCC-43F1-A79A-266BDA601952}.Release|Any CPU.Build.0 = Release|Any CPU
	EndGlobalSection
	GlobalSection(SolutionProperties) = preSolution
		HideSolutionNode = FALSE
	EndGlobalSection
	GlobalSection(NestedProjects) = preSolution
		{207918A8-A7A5-4418-BD20-C7E861DDB10D} = {02EA681E-C7D8-13C7-8484-4AC65E1B71E8}
		{9F820924-BCCC-43F1-A79A-266BDA601952} = {C6058E70-994D-408E-92F0-4999600A16B6}
	EndGlobalSection
	GlobalSection(ExtensibilityGlobals) = postSolution
		SolutionGuid = {F1F17170-B930-4CBA-B5C8-345110562CF3}
	EndGlobalSection
EndGlobal
